# THIS IS AN AUTOGENERATED FILE. DO NOT EDIT THIS FILE DIRECTLY.
# yarn lockfile v1


commander@^13.0.0:
  version "13.0.0"
  resolved "https://registry.yarnpkg.com/commander/-/commander-13.0.0.tgz#1b161f60ee3ceb8074583a0f95359a4f8701845c"
  integrity sha512-oPYleIY8wmTVzkvQq10AEok6YcTC4sRUBl8F9gVuwchGVUCTbl/vhLTaQqutuuySYOsu8YTgV+OxKc/8Yvx+mQ==
